
Microsoft Visual Studio Solution File, Format Version 12.00
# Visual Studio Version 16
VisualStudioVersion = 16.0.29209.152
MinimumVisualStudioVersion = 10.0.40219.1
Project("{9A19103F-16F7-4668-BE54-9A1E7A4F7556}") = "BSU.GUI", "BSU\BSU.GUI.csproj", "{17ED1F96-11FD-4E2A-9830-47513C6350B6}"
EndProject
Project("{9A19103F-16F7-4668-BE54-9A1E7A4F7556}") = "BSU.CLI", "BSU.CLI\BSU.CLI.csproj", "{3BEA66CE-1BA4-4B9D-BF4B-861667D3AB52}"
EndProject
Project("{9A19103F-16F7-4668-BE54-9A1E7A4F7556}") = "BSU.CoreCommon", "BSU.CoreCommon\BSU.CoreCommon.csproj", "{B29110CC-DC16-4288-9161-8F8CD390915D}"
EndProject
Project("{9A19103F-16F7-4668-BE54-9A1E7A4F7556}") = "BSU.Core", "BSU.Core\BSU.Core.csproj", "{5C791793-32C3-4B00-9A85-1D2DA7511122}"
EndProject
Project("{9A19103F-16F7-4668-BE54-9A1E7A4F7556}") = "BSU.BSO", "BSU.BSO\BSU.BSO.csproj", "{FE4F8C2F-BD06-4F20-9C52-E6346EF7233E}"
EndProject
Project("{9A19103F-16F7-4668-BE54-9A1E7A4F7556}") = "BSU.Core.Tests", "BSU.Core.Tests\BSU.Core.Tests.csproj", "{87620F62-AC13-4A48-A560-E8DA1CED0170}"
EndProject
Project("{9A19103F-16F7-4668-BE54-9A1E7A4F7556}") = "BSU.Hashes", "BSU.Hashes\BSU.Hashes.csproj", "{BEA7F43F-C06E-47FE-97F8-B08F3A3AD41B}"
EndProject
Project("{9A19103F-16F7-4668-BE54-9A1E7A4F7556}") = "BSU.Server", "BSU.Server\BSU.Server.csproj", "{1ADB9208-9B73-4843-8F24-F68402569A05}"
EndProject
Project("{FAE04EC0-301F-11D3-BF4B-00C04F79EFBC}") = "RealTest", "RealTest\RealTest.csproj", "{BF70D16A-B864-444C-9D23-FA5E77514551}"
EndProject
Global
	GlobalSection(SolutionConfigurationPlatforms) = preSolution
		Debug|Any CPU = Debug|Any CPU
		Release|Any CPU = Release|Any CPU
	EndGlobalSection
	GlobalSection(ProjectConfigurationPlatforms) = postSolution
		{17ED1F96-11FD-4E2A-9830-47513C6350B6}.Debug|Any CPU.ActiveCfg = Debug|Any CPU
		{17ED1F96-11FD-4E2A-9830-47513C6350B6}.Debug|Any CPU.Build.0 = Debug|Any CPU
		{17ED1F96-11FD-4E2A-9830-47513C6350B6}.Release|Any CPU.ActiveCfg = Release|Any CPU
		{17ED1F96-11FD-4E2A-9830-47513C6350B6}.Release|Any CPU.Build.0 = Release|Any CPU
		{3BEA66CE-1BA4-4B9D-BF4B-861667D3AB52}.Debug|Any CPU.ActiveCfg = Debug|Any CPU
		{3BEA66CE-1BA4-4B9D-BF4B-861667D3AB52}.Debug|Any CPU.Build.0 = Debug|Any CPU
		{3BEA66CE-1BA4-4B9D-BF4B-861667D3AB52}.Release|Any CPU.ActiveCfg = Release|Any CPU
		{3BEA66CE-1BA4-4B9D-BF4B-861667D3AB52}.Release|Any CPU.Build.0 = Release|Any CPU
		{B29110CC-DC16-4288-9161-8F8CD390915D}.Debug|Any CPU.ActiveCfg = Debug|Any CPU
		{B29110CC-DC16-4288-9161-8F8CD390915D}.Debug|Any CPU.Build.0 = Debug|Any CPU
		{B29110CC-DC16-4288-9161-8F8CD390915D}.Release|Any CPU.ActiveCfg = Release|Any CPU
		{B29110CC-DC16-4288-9161-8F8CD390915D}.Release|Any CPU.Build.0 = Release|Any CPU
		{5C791793-32C3-4B00-9A85-1D2DA7511122}.Debug|Any CPU.ActiveCfg = Debug|Any CPU
		{5C791793-32C3-4B00-9A85-1D2DA7511122}.Debug|Any CPU.Build.0 = Debug|Any CPU
		{5C791793-32C3-4B00-9A85-1D2DA7511122}.Release|Any CPU.ActiveCfg = Release|Any CPU
		{5C791793-32C3-4B00-9A85-1D2DA7511122}.Release|Any CPU.Build.0 = Release|Any CPU
		{FE4F8C2F-BD06-4F20-9C52-E6346EF7233E}.Debug|Any CPU.ActiveCfg = Debug|Any CPU
		{FE4F8C2F-BD06-4F20-9C52-E6346EF7233E}.Debug|Any CPU.Build.0 = Debug|Any CPU
		{FE4F8C2F-BD06-4F20-9C52-E6346EF7233E}.Release|Any CPU.ActiveCfg = Release|Any CPU
		{FE4F8C2F-BD06-4F20-9C52-E6346EF7233E}.Release|Any CPU.Build.0 = Release|Any CPU
		{87620F62-AC13-4A48-A560-E8DA1CED0170}.Debug|Any CPU.ActiveCfg = Debug|Any CPU
		{87620F62-AC13-4A48-A560-E8DA1CED0170}.Debug|Any CPU.Build.0 = Debug|Any CPU
		{87620F62-AC13-4A48-A560-E8DA1CED0170}.Release|Any CPU.ActiveCfg = Release|Any CPU
		{87620F62-AC13-4A48-A560-E8DA1CED0170}.Release|Any CPU.Build.0 = Release|Any CPU
		{BEA7F43F-C06E-47FE-97F8-B08F3A3AD41B}.Debug|Any CPU.ActiveCfg = Debug|Any CPU
		{BEA7F43F-C06E-47FE-97F8-B08F3A3AD41B}.Debug|Any CPU.Build.0 = Debug|Any CPU
		{BEA7F43F-C06E-47FE-97F8-B08F3A3AD41B}.Release|Any CPU.ActiveCfg = Release|Any CPU
		{BEA7F43F-C06E-47FE-97F8-B08F3A3AD41B}.Release|Any CPU.Build.0 = Release|Any CPU
		{1ADB9208-9B73-4843-8F24-F68402569A05}.Debug|Any CPU.ActiveCfg = Debug|Any CPU
		{1ADB9208-9B73-4843-8F24-F68402569A05}.Debug|Any CPU.Build.0 = Debug|Any CPU
		{1ADB9208-9B73-4843-8F24-F68402569A05}.Release|Any CPU.ActiveCfg = Release|Any CPU
		{1ADB9208-9B73-4843-8F24-F68402569A05}.Release|Any CPU.Build.0 = Release|Any CPU
		{BF70D16A-B864-444C-9D23-FA5E77514551}.Debug|Any CPU.ActiveCfg = Debug|Any CPU
		{BF70D16A-B864-444C-9D23-FA5E77514551}.Debug|Any CPU.Build.0 = Debug|Any CPU
		{BF70D16A-B864-444C-9D23-FA5E77514551}.Release|Any CPU.ActiveCfg = Release|Any CPU
		{BF70D16A-B864-444C-9D23-FA5E77514551}.Release|Any CPU.Build.0 = Release|Any CPU
	EndGlobalSection
	GlobalSection(SolutionProperties) = preSolution
		HideSolutionNode = FALSE
	EndGlobalSection
	GlobalSection(ExtensibilityGlobals) = postSolution
		SolutionGuid = {DACE4744-5093-4467-9DF6-03246D50F847}
	EndGlobalSection
EndGlobal
